{"projectHash":"78348c55c27e2bf979dc0a984bbeccafa75c147a","productModuleName":"PostAppsTests","mockedTypeNames":["\/Users\/duchv2008\/Desktop\/PostApps\/PostAppsTests\/testLoginPresenter.swift",["LoginDisplay"]],"cliVersion":"0.20.0","sourceFilePaths":[{"path":"\/Users\/duchv2008\/Desktop\/PostApps\/MockingbirdMocks\/PostAppsTests-PostAppsMocks.generated.swift","hash":"bd9d0cebf2173803f00cce13c8c7bded3befc9b2"},{"path":"\/Users\/duchv2008\/Desktop\/PostApps\/PostAppsTests\/testLoginPresenter.swift","hash":"d7d53e13296743da655099edb57633a3b39739fc"}],"sourceRoot":"\/Users\/duchv2008\/Desktop\/PostApps","dependencies":[],"name":"PostAppsTests"}